
Microsoft Visual Studio Solution File, Format Version 12.00
# Visual Studio Version 16
VisualStudioVersion = 16.0.31515.178
MinimumVisualStudioVersion = 10.0.40219.1
Project("{9A19103F-16F7-4668-BE54-9A1E7A4F7556}") = "Week7.Master", "Week7.Master\Week7.Master.csproj", "{E7F07B25-C0B4-45B5-9584-937D67BFAE5B}"
EndProject
Project("{9A19103F-16F7-4668-BE54-9A1E7A4F7556}") = "Week7.Master.Core", "Week7.Master.Core\Week7.Master.Core.csproj", "{DBC97045-9750-4B4A-BDD2-39EA85FFF9EE}"
EndProject
Project("{9A19103F-16F7-4668-BE54-9A1E7A4F7556}") = "Week7.Master.RepositoryMock", "Week7.Master.RepositoryMock\Week7.Master.RepositoryMock.csproj", "{AB8130CD-6990-4E84-9E65-AC327779F771}"
EndProject
Project("{FAE04EC0-301F-11D3-BF4B-00C04F79EFBC}") = "Week7.Master.RepositoryEF", "Week7.Master.RepositoryEF\Week7.Master.RepositoryEF.csproj", "{97513518-9336-4C30-AF88-50FDF8AB0199}"
EndProject
Global
	GlobalSection(SolutionConfigurationPlatforms) = preSolution
		Debug|Any CPU = Debug|Any CPU
		Release|Any CPU = Release|Any CPU
	EndGlobalSection
	GlobalSection(ProjectConfigurationPlatforms) = postSolution
		{E7F07B25-C0B4-45B5-9584-937D67BFAE5B}.Debug|Any CPU.ActiveCfg = Debug|Any CPU
		{E7F07B25-C0B4-45B5-9584-937D67BFAE5B}.Debug|Any CPU.Build.0 = Debug|Any CPU
		{E7F07B25-C0B4-45B5-9584-937D67BFAE5B}.Release|Any CPU.ActiveCfg = Release|Any CPU
		{E7F07B25-C0B4-45B5-9584-937D67BFAE5B}.Release|Any CPU.Build.0 = Release|Any CPU
		{DBC97045-9750-4B4A-BDD2-39EA85FFF9EE}.Debug|Any CPU.ActiveCfg = Debug|Any CPU
		{DBC97045-9750-4B4A-BDD2-39EA85FFF9EE}.Debug|Any CPU.Build.0 = Debug|Any CPU
		{DBC97045-9750-4B4A-BDD2-39EA85FFF9EE}.Release|Any CPU.ActiveCfg = Release|Any CPU
		{DBC97045-9750-4B4A-BDD2-39EA85FFF9EE}.Release|Any CPU.Build.0 = Release|Any CPU
		{AB8130CD-6990-4E84-9E65-AC327779F771}.Debug|Any CPU.ActiveCfg = Debug|Any CPU
		{AB8130CD-6990-4E84-9E65-AC327779F771}.Debug|Any CPU.Build.0 = Debug|Any CPU
		{AB8130CD-6990-4E84-9E65-AC327779F771}.Release|Any CPU.ActiveCfg = Release|Any CPU
		{AB8130CD-6990-4E84-9E65-AC327779F771}.Release|Any CPU.Build.0 = Release|Any CPU
		{97513518-9336-4C30-AF88-50FDF8AB0199}.Debug|Any CPU.ActiveCfg = Debug|Any CPU
		{97513518-9336-4C30-AF88-50FDF8AB0199}.Debug|Any CPU.Build.0 = Debug|Any CPU
		{97513518-9336-4C30-AF88-50FDF8AB0199}.Release|Any CPU.ActiveCfg = Release|Any CPU
		{97513518-9336-4C30-AF88-50FDF8AB0199}.Release|Any CPU.Build.0 = Release|Any CPU
	EndGlobalSection
	GlobalSection(SolutionProperties) = preSolution
		HideSolutionNode = FALSE
	EndGlobalSection
	GlobalSection(ExtensibilityGlobals) = postSolution
		SolutionGuid = {C9E39621-DFD6-4F82-9DE6-C6732E65CF7A}
	EndGlobalSection
EndGlobal
